// !$*UTF8*$!
{
	archiveVersion = 1;
	classes = {
	};
	objectVersion = 55;
	objects = {

/* Begin PBXBuildFile section */
		5E0069A128351C3100B7EF9A /* InformationSettingsView.swift in Sources */ = {isa = PBXBuildFile; fileRef = 5E0069A028351C3100B7EF9A /* InformationSettingsView.swift */; };
		5E0069A328351E3100B7EF9A /* SecuriteSettingsView.swift in Sources */ = {isa = PBXBuildFile; fileRef = 5E0069A228351E3100B7EF9A /* SecuriteSettingsView.swift */; };
		5E0069A52835652F00B7EF9A /* AlertView.swift in Sources */ = {isa = PBXBuildFile; fileRef = 5E0069A42835652F00B7EF9A /* AlertView.swift */; };
		5E0069A72835658400B7EF9A /* UIAlertControllerExtension.swift in Sources */ = {isa = PBXBuildFile; fileRef = 5E0069A62835658400B7EF9A /* UIAlertControllerExtension.swift */; };
		5E0069A92835782500B7EF9A /* ChangeUserDataError.swift in Sources */ = {isa = PBXBuildFile; fileRef = 5E0069A82835782500B7EF9A /* ChangeUserDataError.swift */; };
		5E1826BA282EB79800C06315 /* AuthorizationAPIService.swift in Sources */ = {isa = PBXBuildFile; fileRef = 5E1826B9282EB79800C06315 /* AuthorizationAPIService.swift */; };
		5E59707C28196B6D00BF3240 /* Service.swift in Sources */ = {isa = PBXBuildFile; fileRef = 5E59707B28196B6D00BF3240 /* Service.swift */; };
		5E59707E28196F1800BF3240 /* ValidateUserModel.swift in Sources */ = {isa = PBXBuildFile; fileRef = 5E59707D28196F1800BF3240 /* ValidateUserModel.swift */; };
		5E5970802819723E00BF3240 /* ValidateUserError.swift in Sources */ = {isa = PBXBuildFile; fileRef = 5E59707F2819723E00BF3240 /* ValidateUserError.swift */; };
		5E5970852819F72300BF3240 /* RegistrationUserError.swift in Sources */ = {isa = PBXBuildFile; fileRef = 5E5970842819F72300BF3240 /* RegistrationUserError.swift */; };
		5E5970AB281C8C0C00BF3240 /* EventsView.swift in Sources */ = {isa = PBXBuildFile; fileRef = 5E5970AA281C8C0C00BF3240 /* EventsView.swift */; };
		5E647B972832821F0060CB71 /* PersonalSettings.swift in Sources */ = {isa = PBXBuildFile; fileRef = 5E647B962832821F0060CB71 /* PersonalSettings.swift */; };
		5E647B99283286110060CB71 /* СonfidentialSettings.swift in Sources */ = {isa = PBXBuildFile; fileRef = 5E647B98283286110060CB71 /* СonfidentialSettings.swift */; };
		5E647B9B28328AF30060CB71 /* NotificationSettings.swift in Sources */ = {isa = PBXBuildFile; fileRef = 5E647B9A28328AF30060CB71 /* NotificationSettings.swift */; };
		5E7CA66E282590E2001D4C4F /* ImagePicker.swift in Sources */ = {isa = PBXBuildFile; fileRef = 5E7CA66D282590E2001D4C4F /* ImagePicker.swift */; };
		5E896CD72824073300D67E92 /* OrganizerView.swift in Sources */ = {isa = PBXBuildFile; fileRef = 5E896CD62824073300D67E92 /* OrganizerView.swift */; };
		5E896CD928241A3400D67E92 /* FavoriteView.swift in Sources */ = {isa = PBXBuildFile; fileRef = 5E896CD828241A3400D67E92 /* FavoriteView.swift */; };
		5E896CDB28241C6A00D67E92 /* FavoriteCell.swift in Sources */ = {isa = PBXBuildFile; fileRef = 5E896CDA28241C6A00D67E92 /* FavoriteCell.swift */; };
		5E896CDD28246D1B00D67E92 /* OrganizerViewModel.swift in Sources */ = {isa = PBXBuildFile; fileRef = 5E896CDC28246D1B00D67E92 /* OrganizerViewModel.swift */; };
		5E896CE32824919600D67E92 /* NewEventView.swift in Sources */ = {isa = PBXBuildFile; fileRef = 5E896CE22824919600D67E92 /* NewEventView.swift */; };
		5E896CE52824969F00D67E92 /* EventTextField.swift in Sources */ = {isa = PBXBuildFile; fileRef = 5E896CE42824969F00D67E92 /* EventTextField.swift */; };
		5EA591782829CA53007D4BAC /* UserDataResponseModel.swift in Sources */ = {isa = PBXBuildFile; fileRef = 5EA591772829CA53007D4BAC /* UserDataResponseModel.swift */; };
		5ECD457828323FA900729E2C /* ParticipantsView .swift in Sources */ = {isa = PBXBuildFile; fileRef = 5ECD457728323FA900729E2C /* ParticipantsView .swift */; };
		5ECD457A28323FC000729E2C /* ParticipantsCell.swift in Sources */ = {isa = PBXBuildFile; fileRef = 5ECD457928323FC000729E2C /* ParticipantsCell.swift */; };
		5ECD457D2832403C00729E2C /* ParticipantsModel.swift in Sources */ = {isa = PBXBuildFile; fileRef = 5ECD457C2832403C00729E2C /* ParticipantsModel.swift */; };
		5ECD45812832486A00729E2C /* VerificationView .swift in Sources */ = {isa = PBXBuildFile; fileRef = 5ECD45802832486A00729E2C /* VerificationView .swift */; };
		5ECD458428324C1400729E2C /* VerificationModel.swift in Sources */ = {isa = PBXBuildFile; fileRef = 5ECD458328324C1400729E2C /* VerificationModel.swift */; };
		5ECD458A2832534D00729E2C /* EventDetailView .swift in Sources */ = {isa = PBXBuildFile; fileRef = 5ECD45892832534D00729E2C /* EventDetailView .swift */; };
		5ED4D4C227FDDD2B00873CAA /* ContentView.swift in Sources */ = {isa = PBXBuildFile; fileRef = 5ED4D4C127FDDD2B00873CAA /* ContentView.swift */; };
		5ED4D4C427FDDD2E00873CAA /* Assets.xcassets in Resources */ = {isa = PBXBuildFile; fileRef = 5ED4D4C327FDDD2E00873CAA /* Assets.xcassets */; };
		5ED4D4C727FDDD2E00873CAA /* Preview Assets.xcassets in Resources */ = {isa = PBXBuildFile; fileRef = 5ED4D4C627FDDD2E00873CAA /* Preview Assets.xcassets */; };
		5EE034DD281EE7B400754267 /* CustomButton.swift in Sources */ = {isa = PBXBuildFile; fileRef = 5EE034DC281EE7B400754267 /* CustomButton.swift */; };
		5EE034EC281F12CD00754267 /* LogInViewModel.swift in Sources */ = {isa = PBXBuildFile; fileRef = 5EE034E0281F12CD00754267 /* LogInViewModel.swift */; };
		5EE034ED281F12CD00754267 /* UserInfo.swift in Sources */ = {isa = PBXBuildFile; fileRef = 5EE034E2281F12CD00754267 /* UserInfo.swift */; };
		5EE034EE281F12CD00754267 /* RegistrationView.swift in Sources */ = {isa = PBXBuildFile; fileRef = 5EE034E4281F12CD00754267 /* RegistrationView.swift */; };
		5EE034EF281F12CD00754267 /* ClassicButton.swift in Sources */ = {isa = PBXBuildFile; fileRef = 5EE034E5281F12CD00754267 /* ClassicButton.swift */; };
		5EE034F0281F12CD00754267 /* SecretTextField.swift in Sources */ = {isa = PBXBuildFile; fileRef = 5EE034E6281F12CD00754267 /* SecretTextField.swift */; };
		5EE034F1281F12CD00754267 /* PasswordView.swift in Sources */ = {isa = PBXBuildFile; fileRef = 5EE034E7281F12CD00754267 /* PasswordView.swift */; };
		5EE034F2281F12CD00754267 /* MailConfirmationView.swift in Sources */ = {isa = PBXBuildFile; fileRef = 5EE034E8281F12CD00754267 /* MailConfirmationView.swift */; };
		5EE034F3281F12CD00754267 /* AuthorizationView.swift in Sources */ = {isa = PBXBuildFile; fileRef = 5EE034E9281F12CD00754267 /* AuthorizationView.swift */; };
		5EE034F4281F12CD00754267 /* ClassicTextField.swift in Sources */ = {isa = PBXBuildFile; fileRef = 5EE034EA281F12CD00754267 /* ClassicTextField.swift */; };
		5EE034FC281F12E900754267 /* CourseApp.swift in Sources */ = {isa = PBXBuildFile; fileRef = 5EE034F7281F12E900754267 /* CourseApp.swift */; };
		5EE034FD281F12E900754267 /* TabBar.swift in Sources */ = {isa = PBXBuildFile; fileRef = 5EE034F8281F12E900754267 /* TabBar.swift */; };
		5EE034FE281F12E900754267 /* ActialPerson.swift in Sources */ = {isa = PBXBuildFile; fileRef = 5EE034F9281F12E900754267 /* ActialPerson.swift */; };
		5EE034FF281F12E900754267 /* SearchBar.swift in Sources */ = {isa = PBXBuildFile; fileRef = 5EE034FA281F12E900754267 /* SearchBar.swift */; };
		5EE03500281F12E900754267 /* ColorPalette.swift in Sources */ = {isa = PBXBuildFile; fileRef = 5EE034FB281F12E900754267 /* ColorPalette.swift */; };
		5EE03502281F13FD00754267 /* EventCell.swift in Sources */ = {isa = PBXBuildFile; fileRef = 5EE03501281F13FD00754267 /* EventCell.swift */; };
		5EE03504281F145700754267 /* EventModel.swift in Sources */ = {isa = PBXBuildFile; fileRef = 5EE03503281F145700754267 /* EventModel.swift */; };
		5EE0350C281FEA5B00754267 /* PersonalView.swift in Sources */ = {isa = PBXBuildFile; fileRef = 5EE0350B281FEA5B00754267 /* PersonalView.swift */; };
		5EE0350E281FED1100754267 /* PersonalViewModel.swift in Sources */ = {isa = PBXBuildFile; fileRef = 5EE0350D281FED1100754267 /* PersonalViewModel.swift */; };
		5EE035102820B17200754267 /* SegmentedPicker.swift in Sources */ = {isa = PBXBuildFile; fileRef = 5EE0350F2820B16F00754267 /* SegmentedPicker.swift */; };
		5EE0351F2821955C00754267 /* ImageExtension.swift in Sources */ = {isa = PBXBuildFile; fileRef = 5EE0351E2821955C00754267 /* ImageExtension.swift */; };
		5EE035212821959F00754267 /* ViewExtension.swift in Sources */ = {isa = PBXBuildFile; fileRef = 5EE035202821959F00754267 /* ViewExtension.swift */; };
		5EE03523282195DB00754267 /* HorizontalAlignmentExtension.swift in Sources */ = {isa = PBXBuildFile; fileRef = 5EE03522282195DB00754267 /* HorizontalAlignmentExtension.swift */; };
		5EE035262821A3AA00754267 /* SettingsView.swift in Sources */ = {isa = PBXBuildFile; fileRef = 5EE035252821A3AA00754267 /* SettingsView.swift */; };
		5EE035282821A45100754267 /* SettingsViewModel.swift in Sources */ = {isa = PBXBuildFile; fileRef = 5EE035272821A45100754267 /* SettingsViewModel.swift */; };
		5EF8135E28367AB900DB0B28 /* ReviewCell.swift in Sources */ = {isa = PBXBuildFile; fileRef = 5EF8135D28367AB900DB0B28 /* ReviewCell.swift */; };
		5EF8136128367ADD00DB0B28 /* ReviewModel.swift in Sources */ = {isa = PBXBuildFile; fileRef = 5EF8136028367ADD00DB0B28 /* ReviewModel.swift */; };
		5EF813632836867700DB0B28 /* ReviewView.swift in Sources */ = {isa = PBXBuildFile; fileRef = 5EF813622836867700DB0B28 /* ReviewView.swift */; };
		5EF813652837ACEC00DB0B28 /* InternetError.swift in Sources */ = {isa = PBXBuildFile; fileRef = 5EF813642837ACEC00DB0B28 /* InternetError.swift */; };
		5EF813682837BDF600DB0B28 /* VerificationViewModel.swift in Sources */ = {isa = PBXBuildFile; fileRef = 5EF813672837BDF500DB0B28 /* VerificationViewModel.swift */; };
		5EF8136A2837C1D300DB0B28 /* NewEventViewModel.swift in Sources */ = {isa = PBXBuildFile; fileRef = 5EF813692837C1D300DB0B28 /* NewEventViewModel.swift */; };
		5EF8136C2837D61400DB0B28 /* PartyDataResponseModel.swift in Sources */ = {isa = PBXBuildFile; fileRef = 5EF8136B2837D61400DB0B28 /* PartyDataResponseModel.swift */; };
/* End PBXBuildFile section */

/* Begin PBXFileReference section */
		5E0069A028351C3100B7EF9A /* InformationSettingsView.swift */ = {isa = PBXFileReference; lastKnownFileType = sourcecode.swift; path = InformationSettingsView.swift; sourceTree = "<group>"; };
		5E0069A228351E3100B7EF9A /* SecuriteSettingsView.swift */ = {isa = PBXFileReference; lastKnownFileType = sourcecode.swift; path = SecuriteSettingsView.swift; sourceTree = "<group>"; };
		5E0069A42835652F00B7EF9A /* AlertView.swift */ = {isa = PBXFileReference; lastKnownFileType = sourcecode.swift; path = AlertView.swift; sourceTree = "<group>"; };
		5E0069A62835658400B7EF9A /* UIAlertControllerExtension.swift */ = {isa = PBXFileReference; lastKnownFileType = sourcecode.swift; path = UIAlertControllerExtension.swift; sourceTree = "<group>"; };
		5E0069A82835782500B7EF9A /* ChangeUserDataError.swift */ = {isa = PBXFileReference; lastKnownFileType = sourcecode.swift; path = ChangeUserDataError.swift; sourceTree = "<group>"; };
		5E1826B9282EB79800C06315 /* AuthorizationAPIService.swift */ = {isa = PBXFileReference; lastKnownFileType = sourcecode.swift; path = AuthorizationAPIService.swift; sourceTree = "<group>"; };
		5E59707B28196B6D00BF3240 /* Service.swift */ = {isa = PBXFileReference; lastKnownFileType = sourcecode.swift; path = Service.swift; sourceTree = "<group>"; };
		5E59707D28196F1800BF3240 /* ValidateUserModel.swift */ = {isa = PBXFileReference; lastKnownFileType = sourcecode.swift; path = ValidateUserModel.swift; sourceTree = "<group>"; };
		5E59707F2819723E00BF3240 /* ValidateUserError.swift */ = {isa = PBXFileReference; lastKnownFileType = sourcecode.swift; path = ValidateUserError.swift; sourceTree = "<group>"; };
		5E5970842819F72300BF3240 /* RegistrationUserError.swift */ = {isa = PBXFileReference; lastKnownFileType = sourcecode.swift; path = RegistrationUserError.swift; sourceTree = "<group>"; };
		5E5970AA281C8C0C00BF3240 /* EventsView.swift */ = {isa = PBXFileReference; lastKnownFileType = sourcecode.swift; path = EventsView.swift; sourceTree = "<group>"; };
		5E647B962832821F0060CB71 /* PersonalSettings.swift */ = {isa = PBXFileReference; lastKnownFileType = sourcecode.swift; path = PersonalSettings.swift; sourceTree = "<group>"; };
		5E647B98283286110060CB71 /* СonfidentialSettings.swift */ = {isa = PBXFileReference; lastKnownFileType = sourcecode.swift; path = "СonfidentialSettings.swift"; sourceTree = "<group>"; };
		5E647B9A28328AF30060CB71 /* NotificationSettings.swift */ = {isa = PBXFileReference; lastKnownFileType = sourcecode.swift; path = NotificationSettings.swift; sourceTree = "<group>"; };
		5E7CA66D282590E2001D4C4F /* ImagePicker.swift */ = {isa = PBXFileReference; lastKnownFileType = sourcecode.swift; path = ImagePicker.swift; sourceTree = "<group>"; };
		5E896CD62824073300D67E92 /* OrganizerView.swift */ = {isa = PBXFileReference; lastKnownFileType = sourcecode.swift; path = OrganizerView.swift; sourceTree = "<group>"; };
		5E896CD828241A3400D67E92 /* FavoriteView.swift */ = {isa = PBXFileReference; lastKnownFileType = sourcecode.swift; path = FavoriteView.swift; sourceTree = "<group>"; };
		5E896CDA28241C6A00D67E92 /* FavoriteCell.swift */ = {isa = PBXFileReference; lastKnownFileType = sourcecode.swift; path = FavoriteCell.swift; sourceTree = "<group>"; };
		5E896CDC28246D1B00D67E92 /* OrganizerViewModel.swift */ = {isa = PBXFileReference; lastKnownFileType = sourcecode.swift; path = OrganizerViewModel.swift; sourceTree = "<group>"; };
		5E896CE22824919600D67E92 /* NewEventView.swift */ = {isa = PBXFileReference; lastKnownFileType = sourcecode.swift; path = NewEventView.swift; sourceTree = "<group>"; };
		5E896CE42824969F00D67E92 /* EventTextField.swift */ = {isa = PBXFileReference; lastKnownFileType = sourcecode.swift; path = EventTextField.swift; sourceTree = "<group>"; };
		5EA591772829CA53007D4BAC /* UserDataResponseModel.swift */ = {isa = PBXFileReference; lastKnownFileType = sourcecode.swift; path = UserDataResponseModel.swift; sourceTree = "<group>"; };
		5ECD457728323FA900729E2C /* ParticipantsView .swift */ = {isa = PBXFileReference; lastKnownFileType = sourcecode.swift; path = "ParticipantsView .swift"; sourceTree = "<group>"; };
		5ECD457928323FC000729E2C /* ParticipantsCell.swift */ = {isa = PBXFileReference; lastKnownFileType = sourcecode.swift; path = ParticipantsCell.swift; sourceTree = "<group>"; };
		5ECD457C2832403C00729E2C /* ParticipantsModel.swift */ = {isa = PBXFileReference; lastKnownFileType = sourcecode.swift; path = ParticipantsModel.swift; sourceTree = "<group>"; };
		5ECD45802832486A00729E2C /* VerificationView .swift */ = {isa = PBXFileReference; lastKnownFileType = sourcecode.swift; path = "VerificationView .swift"; sourceTree = "<group>"; };
		5ECD458328324C1400729E2C /* VerificationModel.swift */ = {isa = PBXFileReference; lastKnownFileType = sourcecode.swift; path = VerificationModel.swift; sourceTree = "<group>"; };
		5ECD45892832534D00729E2C /* EventDetailView .swift */ = {isa = PBXFileReference; lastKnownFileType = sourcecode.swift; path = "EventDetailView .swift"; sourceTree = "<group>"; };
		5ED4D4BC27FDDD2B00873CAA /* Coursework.app */ = {isa = PBXFileReference; explicitFileType = wrapper.application; includeInIndex = 0; path = Coursework.app; sourceTree = BUILT_PRODUCTS_DIR; };
		5ED4D4C127FDDD2B00873CAA /* ContentView.swift */ = {isa = PBXFileReference; lastKnownFileType = sourcecode.swift; path = ContentView.swift; sourceTree = "<group>"; };
		5ED4D4C327FDDD2E00873CAA /* Assets.xcassets */ = {isa = PBXFileReference; lastKnownFileType = folder.assetcatalog; path = Assets.xcassets; sourceTree = "<group>"; };
		5ED4D4C627FDDD2E00873CAA /* Preview Assets.xcassets */ = {isa = PBXFileReference; lastKnownFileType = folder.assetcatalog; path = "Preview Assets.xcassets"; sourceTree = "<group>"; };
		5EE034DC281EE7B400754267 /* CustomButton.swift */ = {isa = PBXFileReference; lastKnownFileType = sourcecode.swift; path = CustomButton.swift; sourceTree = "<group>"; };
		5EE034E0281F12CD00754267 /* LogInViewModel.swift */ = {isa = PBXFileReference; fileEncoding = 4; lastKnownFileType = sourcecode.swift; path = LogInViewModel.swift; sourceTree = "<group>"; };
		5EE034E2281F12CD00754267 /* UserInfo.swift */ = {isa = PBXFileReference; fileEncoding = 4; lastKnownFileType = sourcecode.swift; path = UserInfo.swift; sourceTree = "<group>"; };
		5EE034E4281F12CD00754267 /* RegistrationView.swift */ = {isa = PBXFileReference; fileEncoding = 4; lastKnownFileType = sourcecode.swift; path = RegistrationView.swift; sourceTree = "<group>"; };
		5EE034E5281F12CD00754267 /* ClassicButton.swift */ = {isa = PBXFileReference; fileEncoding = 4; lastKnownFileType = sourcecode.swift; path = ClassicButton.swift; sourceTree = "<group>"; };
		5EE034E6281F12CD00754267 /* SecretTextField.swift */ = {isa = PBXFileReference; fileEncoding = 4; lastKnownFileType = sourcecode.swift; path = SecretTextField.swift; sourceTree = "<group>"; };
		5EE034E7281F12CD00754267 /* PasswordView.swift */ = {isa = PBXFileReference; fileEncoding = 4; lastKnownFileType = sourcecode.swift; path = PasswordView.swift; sourceTree = "<group>"; };
		5EE034E8281F12CD00754267 /* MailConfirmationView.swift */ = {isa = PBXFileReference; fileEncoding = 4; lastKnownFileType = sourcecode.swift; path = MailConfirmationView.swift; sourceTree = "<group>"; };
		5EE034E9281F12CD00754267 /* AuthorizationView.swift */ = {isa = PBXFileReference; fileEncoding = 4; lastKnownFileType = sourcecode.swift; path = AuthorizationView.swift; sourceTree = "<group>"; };
		5EE034EA281F12CD00754267 /* ClassicTextField.swift */ = {isa = PBXFileReference; fileEncoding = 4; lastKnownFileType = sourcecode.swift; path = ClassicTextField.swift; sourceTree = "<group>"; };
		5EE034F7281F12E900754267 /* CourseApp.swift */ = {isa = PBXFileReference; fileEncoding = 4; lastKnownFileType = sourcecode.swift; path = CourseApp.swift; sourceTree = "<group>"; };
		5EE034F8281F12E900754267 /* TabBar.swift */ = {isa = PBXFileReference; fileEncoding = 4; lastKnownFileType = sourcecode.swift; path = TabBar.swift; sourceTree = "<group>"; };
		5EE034F9281F12E900754267 /* ActialPerson.swift */ = {isa = PBXFileReference; fileEncoding = 4; lastKnownFileType = sourcecode.swift; path = ActialPerson.swift; sourceTree = "<group>"; };
		5EE034FA281F12E900754267 /* SearchBar.swift */ = {isa = PBXFileReference; fileEncoding = 4; lastKnownFileType = sourcecode.swift; path = SearchBar.swift; sourceTree = "<group>"; };
		5EE034FB281F12E900754267 /* ColorPalette.swift */ = {isa = PBXFileReference; fileEncoding = 4; lastKnownFileType = sourcecode.swift; path = ColorPalette.swift; sourceTree = "<group>"; };
		5EE03501281F13FD00754267 /* EventCell.swift */ = {isa = PBXFileReference; lastKnownFileType = sourcecode.swift; path = EventCell.swift; sourceTree = "<group>"; };
		5EE03503281F145700754267 /* EventModel.swift */ = {isa = PBXFileReference; lastKnownFileType = sourcecode.swift; path = EventModel.swift; sourceTree = "<group>"; };
		5EE0350B281FEA5B00754267 /* PersonalView.swift */ = {isa = PBXFileReference; lastKnownFileType = sourcecode.swift; path = PersonalView.swift; sourceTree = "<group>"; };
		5EE0350D281FED1100754267 /* PersonalViewModel.swift */ = {isa = PBXFileReference; lastKnownFileType = sourcecode.swift; path = PersonalViewModel.swift; sourceTree = "<group>"; };
		5EE0350F2820B16F00754267 /* SegmentedPicker.swift */ = {isa = PBXFileReference; lastKnownFileType = sourcecode.swift; path = SegmentedPicker.swift; sourceTree = "<group>"; };
		5EE0351E2821955C00754267 /* ImageExtension.swift */ = {isa = PBXFileReference; lastKnownFileType = sourcecode.swift; path = ImageExtension.swift; sourceTree = "<group>"; };
		5EE035202821959F00754267 /* ViewExtension.swift */ = {isa = PBXFileReference; lastKnownFileType = sourcecode.swift; path = ViewExtension.swift; sourceTree = "<group>"; };
		5EE03522282195DB00754267 /* HorizontalAlignmentExtension.swift */ = {isa = PBXFileReference; lastKnownFileType = sourcecode.swift; path = HorizontalAlignmentExtension.swift; sourceTree = "<group>"; };
		5EE035252821A3AA00754267 /* SettingsView.swift */ = {isa = PBXFileReference; lastKnownFileType = sourcecode.swift; path = SettingsView.swift; sourceTree = "<group>"; };
		5EE035272821A45100754267 /* SettingsViewModel.swift */ = {isa = PBXFileReference; lastKnownFileType = sourcecode.swift; path = SettingsViewModel.swift; sourceTree = "<group>"; };
		5EF8135D28367AB900DB0B28 /* ReviewCell.swift */ = {isa = PBXFileReference; lastKnownFileType = sourcecode.swift; path = ReviewCell.swift; sourceTree = "<group>"; };
		5EF8136028367ADD00DB0B28 /* ReviewModel.swift */ = {isa = PBXFileReference; lastKnownFileType = sourcecode.swift; path = ReviewModel.swift; sourceTree = "<group>"; };
		5EF813622836867700DB0B28 /* ReviewView.swift */ = {isa = PBXFileReference; lastKnownFileType = sourcecode.swift; path = ReviewView.swift; sourceTree = "<group>"; };
		5EF813642837ACEC00DB0B28 /* InternetError.swift */ = {isa = PBXFileReference; lastKnownFileType = sourcecode.swift; path = InternetError.swift; sourceTree = "<group>"; };
		5EF813672837BDF500DB0B28 /* VerificationViewModel.swift */ = {isa = PBXFileReference; lastKnownFileType = sourcecode.swift; path = VerificationViewModel.swift; sourceTree = "<group>"; };
		5EF813692837C1D300DB0B28 /* NewEventViewModel.swift */ = {isa = PBXFileReference; lastKnownFileType = sourcecode.swift; path = NewEventViewModel.swift; sourceTree = "<group>"; };
		5EF8136B2837D61400DB0B28 /* PartyDataResponseModel.swift */ = {isa = PBXFileReference; lastKnownFileType = sourcecode.swift; path = PartyDataResponseModel.swift; sourceTree = "<group>"; };
/* End PBXFileReference section */

/* Begin PBXFrameworksBuildPhase section */
		5ED4D4B927FDDD2B00873CAA /* Frameworks */ = {
			isa = PBXFrameworksBuildPhase;
			buildActionMask = 2147483647;
			files = (
			);
			runOnlyForDeploymentPostprocessing = 0;
		};
/* End PBXFrameworksBuildPhase section */

/* Begin PBXGroup section */
		5E1826B7282EB45600C06315 /* Services */ = {
			isa = PBXGroup;
			children = (
				5E59707B28196B6D00BF3240 /* Service.swift */,
				5E1826B9282EB79800C06315 /* AuthorizationAPIService.swift */,
			);
			path = Services;
			sourceTree = "<group>";
		};
		5E59707A28196B3600BF3240 /* API Service */ = {
			isa = PBXGroup;
			children = (
				5E1826B7282EB45600C06315 /* Services */,
				5E5970832819F6AD00BF3240 /* Models */,
			);
			path = "API Service";
			sourceTree = "<group>";
		};
		5E5970832819F6AD00BF3240 /* Models */ = {
			isa = PBXGroup;
			children = (
				5E59707F2819723E00BF3240 /* ValidateUserError.swift */,
				5E5970842819F72300BF3240 /* RegistrationUserError.swift */,
				5EA591772829CA53007D4BAC /* UserDataResponseModel.swift */,
				5E0069A82835782500B7EF9A /* ChangeUserDataError.swift */,
				5EF813642837ACEC00DB0B28 /* InternetError.swift */,
				5EF8136B2837D61400DB0B28 /* PartyDataResponseModel.swift */,
			);
			path = Models;
			sourceTree = "<group>";
		};
		5E5970A6281C88C900BF3240 /* Events Page */ = {
			isa = PBXGroup;
			children = (
				5E5970A9281C897900BF3240 /* Model */,
				5E5970A8281C896900BF3240 /* View */,
				5E5970A7281C896000BF3240 /* View Model */,
			);
			path = "Events Page";
			sourceTree = "<group>";
		};
		5E5970A7281C896000BF3240 /* View Model */ = {
			isa = PBXGroup;
			children = (
			);
			path = "View Model";
			sourceTree = "<group>";
		};
		5E5970A8281C896900BF3240 /* View */ = {
			isa = PBXGroup;
			children = (
				5E5970AA281C8C0C00BF3240 /* EventsView.swift */,
				5EE034DC281EE7B400754267 /* CustomButton.swift */,
				5EE03501281F13FD00754267 /* EventCell.swift */,
			);
			path = View;
			sourceTree = "<group>";
		};
		5E5970A9281C897900BF3240 /* Model */ = {
			isa = PBXGroup;
			children = (
				5EE03503281F145700754267 /* EventModel.swift */,
			);
			path = Model;
			sourceTree = "<group>";
		};
		5E896CDE2824908F00D67E92 /* New Event Page */ = {
			isa = PBXGroup;
			children = (
				5E896CE02824912300D67E92 /* Model */,
				5E896CDF2824911600D67E92 /* View */,
				5E896CE12824916700D67E92 /* View Model */,
			);
			path = "New Event Page";
			sourceTree = "<group>";
		};
		5E896CDF2824911600D67E92 /* View */ = {
			isa = PBXGroup;
			children = (
				5E896CE22824919600D67E92 /* NewEventView.swift */,
				5E896CE42824969F00D67E92 /* EventTextField.swift */,
			);
			path = View;
			sourceTree = "<group>";
		};
		5E896CE02824912300D67E92 /* Model */ = {
			isa = PBXGroup;
			children = (
			);
			path = Model;
			sourceTree = "<group>";
		};
		5E896CE12824916700D67E92 /* View Model */ = {
			isa = PBXGroup;
			children = (
				5EF813692837C1D300DB0B28 /* NewEventViewModel.swift */,
			);
			path = "View Model";
			sourceTree = "<group>";
		};
		5ECD457528323F3400729E2C /* Event Participants Page */ = {
			isa = PBXGroup;
			children = (
				5ECD457B2832401D00729E2C /* Model */,
				5ECD457628323F9200729E2C /* View */,
			);
			path = "Event Participants Page";
			sourceTree = "<group>";
		};
		5ECD457628323F9200729E2C /* View */ = {
			isa = PBXGroup;
			children = (
				5ECD457728323FA900729E2C /* ParticipantsView .swift */,
				5ECD457928323FC000729E2C /* ParticipantsCell.swift */,
			);
			path = View;
			sourceTree = "<group>";
		};
		5ECD457B2832401D00729E2C /* Model */ = {
			isa = PBXGroup;
			children = (
				5ECD457C2832403C00729E2C /* ParticipantsModel.swift */,
			);
			path = Model;
			sourceTree = "<group>";
		};
		5ECD457E2832484C00729E2C /* Verification Page */ = {
			isa = PBXGroup;
			children = (
				5EF813662837BDE100DB0B28 /* ViewModel */,
				5ECD458228324BFE00729E2C /* Model */,
				5ECD457F2832485C00729E2C /* View */,
			);
			path = "Verification Page";
			sourceTree = "<group>";
		};
		5ECD457F2832485C00729E2C /* View */ = {
			isa = PBXGroup;
			children = (
				5ECD45802832486A00729E2C /* VerificationView .swift */,
			);
			path = View;
			sourceTree = "<group>";
		};
		5ECD458228324BFE00729E2C /* Model */ = {
			isa = PBXGroup;
			children = (
				5ECD458328324C1400729E2C /* VerificationModel.swift */,
			);
			path = Model;
			sourceTree = "<group>";
		};
		5ECD45872832526E00729E2C /* Event detail Page */ = {
			isa = PBXGroup;
			children = (
				5EF8135F28367ACA00DB0B28 /* Model */,
				5ECD45882832527D00729E2C /* View */,
			);
			path = "Event detail Page";
			sourceTree = "<group>";
		};
		5ECD45882832527D00729E2C /* View */ = {
			isa = PBXGroup;
			children = (
				5ECD45892832534D00729E2C /* EventDetailView .swift */,
				5EF8135D28367AB900DB0B28 /* ReviewCell.swift */,
				5EF813622836867700DB0B28 /* ReviewView.swift */,
			);
			path = View;
			sourceTree = "<group>";
		};
		5ED4D4B327FDDD2B00873CAA = {
			isa = PBXGroup;
			children = (
				5EE0351D2821952300754267 /* Source */,
				5E59707A28196B3600BF3240 /* API Service */,
				5EE034F6281F12E900754267 /* Common */,
				5EE035242821961A00754267 /* Modules */,
				5ED4D4BE27FDDD2B00873CAA /* Coursework */,
				5ED4D4BD27FDDD2B00873CAA /* Products */,
			);
			sourceTree = "<group>";
		};
		5ED4D4BD27FDDD2B00873CAA /* Products */ = {
			isa = PBXGroup;
			children = (
				5ED4D4BC27FDDD2B00873CAA /* Coursework.app */,
			);
			name = Products;
			sourceTree = "<group>";
		};
		5ED4D4BE27FDDD2B00873CAA /* Coursework */ = {
			isa = PBXGroup;
			children = (
				5ED4D4C127FDDD2B00873CAA /* ContentView.swift */,
				5ED4D4C327FDDD2E00873CAA /* Assets.xcassets */,
				5ED4D4C527FDDD2E00873CAA /* Preview Content */,
			);
			path = Coursework;
			sourceTree = "<group>";
		};
		5ED4D4C527FDDD2E00873CAA /* Preview Content */ = {
			isa = PBXGroup;
			children = (
				5ED4D4C627FDDD2E00873CAA /* Preview Assets.xcassets */,
			);
			path = "Preview Content";
			sourceTree = "<group>";
		};
		5EE034DE281F12CD00754267 /* Log in Page */ = {
			isa = PBXGroup;
			children = (
				5EE034E1281F12CD00754267 /* Model */,
				5EE034E3281F12CD00754267 /* View */,
				5EE034DF281F12CD00754267 /* View Models */,
			);
			path = "Log in Page";
			sourceTree = "<group>";
		};
		5EE034DF281F12CD00754267 /* View Models */ = {
			isa = PBXGroup;
			children = (
				5EE034E0281F12CD00754267 /* LogInViewModel.swift */,
			);
			path = "View Models";
			sourceTree = "<group>";
		};
		5EE034E1281F12CD00754267 /* Model */ = {
			isa = PBXGroup;
			children = (
				5E59707D28196F1800BF3240 /* ValidateUserModel.swift */,
				5EE034E2281F12CD00754267 /* UserInfo.swift */,
			);
			path = Model;
			sourceTree = "<group>";
		};
		5EE034E3281F12CD00754267 /* View */ = {
			isa = PBXGroup;
			children = (
				5EE034E4281F12CD00754267 /* RegistrationView.swift */,
				5EE034E5281F12CD00754267 /* ClassicButton.swift */,
				5EE034E6281F12CD00754267 /* SecretTextField.swift */,
				5EE034E7281F12CD00754267 /* PasswordView.swift */,
				5EE034E8281F12CD00754267 /* MailConfirmationView.swift */,
				5EE034E9281F12CD00754267 /* AuthorizationView.swift */,
				5EE034EA281F12CD00754267 /* ClassicTextField.swift */,
			);
			path = View;
			sourceTree = "<group>";
		};
		5EE034F6281F12E900754267 /* Common */ = {
			isa = PBXGroup;
			children = (
				5EE034F7281F12E900754267 /* CourseApp.swift */,
				5EE034F8281F12E900754267 /* TabBar.swift */,
				5EE034F9281F12E900754267 /* ActialPerson.swift */,
				5EE034FA281F12E900754267 /* SearchBar.swift */,
				5EE034FB281F12E900754267 /* ColorPalette.swift */,
			);
			path = Common;
			sourceTree = SOURCE_ROOT;
		};
		5EE03507281FE9A900754267 /* Personal Page */ = {
			isa = PBXGroup;
			children = (
				5EE03509281FEA0B00754267 /* Model */,
				5EE03508281FE9D200754267 /* View */,
				5EE0350A281FEA1700754267 /* View Model */,
			);
			path = "Personal Page";
			sourceTree = "<group>";
		};
		5EE03508281FE9D200754267 /* View */ = {
			isa = PBXGroup;
			children = (
				5EE0350B281FEA5B00754267 /* PersonalView.swift */,
				5EE0350F2820B16F00754267 /* SegmentedPicker.swift */,
				5E7CA66D282590E2001D4C4F /* ImagePicker.swift */,
			);
			path = View;
			sourceTree = "<group>";
		};
		5EE03509281FEA0B00754267 /* Model */ = {
			isa = PBXGroup;
			children = (
			);
			path = Model;
			sourceTree = "<group>";
		};
		5EE0350A281FEA1700754267 /* View Model */ = {
			isa = PBXGroup;
			children = (
				5EE0350D281FED1100754267 /* PersonalViewModel.swift */,
			);
			path = "View Model";
			sourceTree = "<group>";
		};
		5EE035112821936800754267 /* Organizer Page */ = {
			isa = PBXGroup;
			children = (
				5EE035142821945500754267 /* Model */,
				5EE035162821949C00754267 /* View */,
				5EE035152821946000754267 /* View Model */,
			);
			path = "Organizer Page";
			sourceTree = "<group>";
		};
		5EE03512282193CC00754267 /* Settings Page */ = {
			isa = PBXGroup;
			children = (
				5EE03517282194C000754267 /* Model */,
				5EE03518282194C800754267 /* View */,
				5EE03519282194E500754267 /* View Model */,
			);
			path = "Settings Page";
			sourceTree = "<group>";
		};
		5EE035132821941700754267 /* Favorite Page */ = {
			isa = PBXGroup;
			children = (
				5EE0351A282194FA00754267 /* Model */,
				5EE0351B2821950900754267 /* View */,
				5EE0351C2821951200754267 /* View Model */,
			);
			path = "Favorite Page";
			sourceTree = "<group>";
		};
		5EE035142821945500754267 /* Model */ = {
			isa = PBXGroup;
			children = (
			);
			path = Model;
			sourceTree = "<group>";
		};
		5EE035152821946000754267 /* View Model */ = {
			isa = PBXGroup;
			children = (
				5E896CDC28246D1B00D67E92 /* OrganizerViewModel.swift */,
			);
			path = "View Model";
			sourceTree = "<group>";
		};
		5EE035162821949C00754267 /* View */ = {
			isa = PBXGroup;
			children = (
				5E896CD62824073300D67E92 /* OrganizerView.swift */,
			);
			path = View;
			sourceTree = "<group>";
		};
		5EE03517282194C000754267 /* Model */ = {
			isa = PBXGroup;
			children = (
			);
			path = Model;
			sourceTree = "<group>";
		};
		5EE03518282194C800754267 /* View */ = {
			isa = PBXGroup;
			children = (
				5E647B98283286110060CB71 /* СonfidentialSettings.swift */,
				5EE035252821A3AA00754267 /* SettingsView.swift */,
				5E647B962832821F0060CB71 /* PersonalSettings.swift */,
				5E647B9A28328AF30060CB71 /* NotificationSettings.swift */,
				5E0069A028351C3100B7EF9A /* InformationSettingsView.swift */,
				5E0069A228351E3100B7EF9A /* SecuriteSettingsView.swift */,
				5E0069A42835652F00B7EF9A /* AlertView.swift */,
			);
			path = View;
			sourceTree = "<group>";
		};
		5EE03519282194E500754267 /* View Model */ = {
			isa = PBXGroup;
			children = (
				5EE035272821A45100754267 /* SettingsViewModel.swift */,
			);
			path = "View Model";
			sourceTree = "<group>";
		};
		5EE0351A282194FA00754267 /* Model */ = {
			isa = PBXGroup;
			children = (
			);
			path = Model;
			sourceTree = "<group>";
		};
		5EE0351B2821950900754267 /* View */ = {
			isa = PBXGroup;
			children = (
				5E896CD828241A3400D67E92 /* FavoriteView.swift */,
				5E896CDA28241C6A00D67E92 /* FavoriteCell.swift */,
			);
			path = View;
			sourceTree = "<group>";
		};
		5EE0351C2821951200754267 /* View Model */ = {
			isa = PBXGroup;
			children = (
			);
			path = "View Model";
			sourceTree = "<group>";
		};
		5EE0351D2821952300754267 /* Source */ = {
			isa = PBXGroup;
			children = (
				5EE0351E2821955C00754267 /* ImageExtension.swift */,
				5EE035202821959F00754267 /* ViewExtension.swift */,
				5EE03522282195DB00754267 /* HorizontalAlignmentExtension.swift */,
				5E0069A62835658400B7EF9A /* UIAlertControllerExtension.swift */,
			);
			path = Source;
			sourceTree = "<group>";
		};
		5EE035242821961A00754267 /* Modules */ = {
			isa = PBXGroup;
			children = (
				5EE034DE281F12CD00754267 /* Log in Page */,
				5EE035112821936800754267 /* Organizer Page */,
				5ECD457E2832484C00729E2C /* Verification Page */,
				5E896CDE2824908F00D67E92 /* New Event Page */,
				5E5970A6281C88C900BF3240 /* Events Page */,
				5ECD45872832526E00729E2C /* Event detail Page */,
				5ECD457528323F3400729E2C /* Event Participants Page */,
				5EE035132821941700754267 /* Favorite Page */,
				5EE03507281FE9A900754267 /* Personal Page */,
				5EE03512282193CC00754267 /* Settings Page */,
			);
			path = Modules;
			sourceTree = "<group>";
		};
		5EF8135F28367ACA00DB0B28 /* Model */ = {
			isa = PBXGroup;
			children = (
				5EF8136028367ADD00DB0B28 /* ReviewModel.swift */,
			);
			path = Model;
			sourceTree = "<group>";
		};
		5EF813662837BDE100DB0B28 /* ViewModel */ = {
			isa = PBXGroup;
			children = (
				5EF813672837BDF500DB0B28 /* VerificationViewModel.swift */,
			);
			path = ViewModel;
			sourceTree = "<group>";
		};
/* End PBXGroup section */

/* Begin PBXNativeTarget section */
		5ED4D4BB27FDDD2B00873CAA /* Coursework */ = {
			isa = PBXNativeTarget;
			buildConfigurationList = 5ED4D4CA27FDDD2E00873CAA /* Build configuration list for PBXNativeTarget "Coursework" */;
			buildPhases = (
				5ED4D4B827FDDD2B00873CAA /* Sources */,
				5ED4D4B927FDDD2B00873CAA /* Frameworks */,
				5ED4D4BA27FDDD2B00873CAA /* Resources */,
			);
			buildRules = (
			);
			dependencies = (
			);
			name = Coursework;
			productName = Coursework;
			productReference = 5ED4D4BC27FDDD2B00873CAA /* Coursework.app */;
			productType = "com.apple.product-type.application";
		};
/* End PBXNativeTarget section */

/* Begin PBXProject section */
		5ED4D4B427FDDD2B00873CAA /* Project object */ = {
			isa = PBXProject;
			attributes = {
				BuildIndependentTargetsInParallel = 1;
				LastSwiftUpdateCheck = 1320;
				LastUpgradeCheck = 1320;
				TargetAttributes = {
					5ED4D4BB27FDDD2B00873CAA = {
						CreatedOnToolsVersion = 13.2.1;
					};
				};
			};
			buildConfigurationList = 5ED4D4B727FDDD2B00873CAA /* Build configuration list for PBXProject "Coursework" */;
			compatibilityVersion = "Xcode 13.0";
			developmentRegion = en;
			hasScannedForEncodings = 0;
			knownRegions = (
				en,
				Base,
			);
			mainGroup = 5ED4D4B327FDDD2B00873CAA;
			productRefGroup = 5ED4D4BD27FDDD2B00873CAA /* Products */;
			projectDirPath = "";
			projectRoot = "";
			targets = (
				5ED4D4BB27FDDD2B00873CAA /* Coursework */,
			);
		};
/* End PBXProject section */

/* Begin PBXResourcesBuildPhase section */
		5ED4D4BA27FDDD2B00873CAA /* Resources */ = {
			isa = PBXResourcesBuildPhase;
			buildActionMask = 2147483647;
			files = (
				5ED4D4C727FDDD2E00873CAA /* Preview Assets.xcassets in Resources */,
				5ED4D4C427FDDD2E00873CAA /* Assets.xcassets in Resources */,
			);
			runOnlyForDeploymentPostprocessing = 0;
		};
/* End PBXResourcesBuildPhase section */

/* Begin PBXSourcesBuildPhase section */
		5ED4D4B827FDDD2B00873CAA /* Sources */ = {
			isa = PBXSourcesBuildPhase;
			buildActionMask = 2147483647;
			files = (
				5E59707C28196B6D00BF3240 /* Service.swift in Sources */,
				5EE034ED281F12CD00754267 /* UserInfo.swift in Sources */,
				5E896CDB28241C6A00D67E92 /* FavoriteCell.swift in Sources */,
				5E0069A72835658400B7EF9A /* UIAlertControllerExtension.swift in Sources */,
				5EE034FF281F12E900754267 /* SearchBar.swift in Sources */,
				5EE0351F2821955C00754267 /* ImageExtension.swift in Sources */,
				5EE035102820B17200754267 /* SegmentedPicker.swift in Sources */,
				5EE034FD281F12E900754267 /* TabBar.swift in Sources */,
				5E7CA66E282590E2001D4C4F /* ImagePicker.swift in Sources */,
				5EE034FE281F12E900754267 /* ActialPerson.swift in Sources */,
				5EE03523282195DB00754267 /* HorizontalAlignmentExtension.swift in Sources */,
				5EE034EF281F12CD00754267 /* ClassicButton.swift in Sources */,
				5EE034F4281F12CD00754267 /* ClassicTextField.swift in Sources */,
				5EE034F0281F12CD00754267 /* SecretTextField.swift in Sources */,
				5EA591782829CA53007D4BAC /* UserDataResponseModel.swift in Sources */,
				5E0069A328351E3100B7EF9A /* SecuriteSettingsView.swift in Sources */,
				5E5970AB281C8C0C00BF3240 /* EventsView.swift in Sources */,
				5ECD457828323FA900729E2C /* ParticipantsView .swift in Sources */,
				5EE0350E281FED1100754267 /* PersonalViewModel.swift in Sources */,
				5E0069A92835782500B7EF9A /* ChangeUserDataError.swift in Sources */,
				5ECD457D2832403C00729E2C /* ParticipantsModel.swift in Sources */,
				5EF8135E28367AB900DB0B28 /* ReviewCell.swift in Sources */,
				5EE034FC281F12E900754267 /* CourseApp.swift in Sources */,
				5EE035282821A45100754267 /* SettingsViewModel.swift in Sources */,
				5E0069A52835652F00B7EF9A /* AlertView.swift in Sources */,
				5E896CE32824919600D67E92 /* NewEventView.swift in Sources */,
				5EE034F3281F12CD00754267 /* AuthorizationView.swift in Sources */,
				5EE034F1281F12CD00754267 /* PasswordView.swift in Sources */,
				5E896CD928241A3400D67E92 /* FavoriteView.swift in Sources */,
				5EE034EE281F12CD00754267 /* RegistrationView.swift in Sources */,
				5E59707E28196F1800BF3240 /* ValidateUserModel.swift in Sources */,
				5EF813652837ACEC00DB0B28 /* InternetError.swift in Sources */,
				5EE034EC281F12CD00754267 /* LogInViewModel.swift in Sources */,
				5EE035212821959F00754267 /* ViewExtension.swift in Sources */,
				5EE034DD281EE7B400754267 /* CustomButton.swift in Sources */,
				5EF8136C2837D61400DB0B28 /* PartyDataResponseModel.swift in Sources */,
				5EE0350C281FEA5B00754267 /* PersonalView.swift in Sources */,
				5E647B9B28328AF30060CB71 /* NotificationSettings.swift in Sources */,
				5E0069A128351C3100B7EF9A /* InformationSettingsView.swift in Sources */,
				5EE03500281F12E900754267 /* ColorPalette.swift in Sources */,
				5E5970802819723E00BF3240 /* ValidateUserError.swift in Sources */,
				5ED4D4C227FDDD2B00873CAA /* ContentView.swift in Sources */,
				5EF813632836867700DB0B28 /* ReviewView.swift in Sources */,
				5EF8136A2837C1D300DB0B28 /* NewEventViewModel.swift in Sources */,
				5E896CE52824969F00D67E92 /* EventTextField.swift in Sources */,
				5E896CDD28246D1B00D67E92 /* OrganizerViewModel.swift in Sources */,
				5E647B972832821F0060CB71 /* PersonalSettings.swift in Sources */,
				5E647B99283286110060CB71 /* СonfidentialSettings.swift in Sources */,
				5EF813682837BDF600DB0B28 /* VerificationViewModel.swift in Sources */,
				5E896CD72824073300D67E92 /* OrganizerView.swift in Sources */,
				5EE03502281F13FD00754267 /* EventCell.swift in Sources */,
				5E5970852819F72300BF3240 /* RegistrationUserError.swift in Sources */,
				5EE03504281F145700754267 /* EventModel.swift in Sources */,
				5E1826BA282EB79800C06315 /* AuthorizationAPIService.swift in Sources */,
				5ECD458428324C1400729E2C /* VerificationModel.swift in Sources */,
				5ECD45812832486A00729E2C /* VerificationView .swift in Sources */,
				5EE035262821A3AA00754267 /* SettingsView.swift in Sources */,
				5EE034F2281F12CD00754267 /* MailConfirmationView.swift in Sources */,
				5ECD458A2832534D00729E2C /* EventDetailView .swift in Sources */,
				5ECD457A28323FC000729E2C /* ParticipantsCell.swift in Sources */,
				5EF8136128367ADD00DB0B28 /* ReviewModel.swift in Sources */,
			);
			runOnlyForDeploymentPostprocessing = 0;
		};
/* End PBXSourcesBuildPhase section */

/* Begin XCBuildConfiguration section */
		5ED4D4C827FDDD2E00873CAA /* Debug */ = {
			isa = XCBuildConfiguration;
			buildSettings = {
				ALWAYS_SEARCH_USER_PATHS = NO;
				CLANG_ANALYZER_NONNULL = YES;
				CLANG_ANALYZER_NUMBER_OBJECT_CONVERSION = YES_AGGRESSIVE;
				CLANG_CXX_LANGUAGE_STANDARD = "gnu++17";
				CLANG_CXX_LIBRARY = "libc++";
				CLANG_ENABLE_MODULES = YES;
				CLANG_ENABLE_OBJC_ARC = YES;
				CLANG_ENABLE_OBJC_WEAK = YES;
				CLANG_WARN_BLOCK_CAPTURE_AUTORELEASING = YES;
				CLANG_WARN_BOOL_CONVERSION = YES;
				CLANG_WARN_COMMA = YES;
				CLANG_WARN_CONSTANT_CONVERSION = YES;
				CLANG_WARN_DEPRECATED_OBJC_IMPLEMENTATIONS = YES;
				CLANG_WARN_DIRECT_OBJC_ISA_USAGE = YES_ERROR;
				CLANG_WARN_DOCUMENTATION_COMMENTS = YES;
				CLANG_WARN_EMPTY_BODY = YES;
				CLANG_WARN_ENUM_CONVERSION = YES;
				CLANG_WARN_INFINITE_RECURSION = YES;
				CLANG_WARN_INT_CONVERSION = YES;
				CLANG_WARN_NON_LITERAL_NULL_CONVERSION = YES;
				CLANG_WARN_OBJC_IMPLICIT_RETAIN_SELF = YES;
				CLANG_WARN_OBJC_LITERAL_CONVERSION = YES;
				CLANG_WARN_OBJC_ROOT_CLASS = YES_ERROR;
				CLANG_WARN_QUOTED_INCLUDE_IN_FRAMEWORK_HEADER = YES;
				CLANG_WARN_RANGE_LOOP_ANALYSIS = YES;
				CLANG_WARN_STRICT_PROTOTYPES = YES;
				CLANG_WARN_SUSPICIOUS_MOVE = YES;
				CLANG_WARN_UNGUARDED_AVAILABILITY = YES_AGGRESSIVE;
				CLANG_WARN_UNREACHABLE_CODE = YES;
				CLANG_WARN__DUPLICATE_METHOD_MATCH = YES;
				COPY_PHASE_STRIP = NO;
				DEBUG_INFORMATION_FORMAT = dwarf;
				ENABLE_STRICT_OBJC_MSGSEND = YES;
				ENABLE_TESTABILITY = YES;
				GCC_C_LANGUAGE_STANDARD = gnu11;
				GCC_DYNAMIC_NO_PIC = NO;
				GCC_NO_COMMON_BLOCKS = YES;
				GCC_OPTIMIZATION_LEVEL = 0;
				GCC_PREPROCESSOR_DEFINITIONS = (
					"DEBUG=1",
					"$(inherited)",
				);
				GCC_WARN_64_TO_32_BIT_CONVERSION = YES;
				GCC_WARN_ABOUT_RETURN_TYPE = YES_ERROR;
				GCC_WARN_UNDECLARED_SELECTOR = YES;
				GCC_WARN_UNINITIALIZED_AUTOS = YES_AGGRESSIVE;
				GCC_WARN_UNUSED_FUNCTION = YES;
				GCC_WARN_UNUSED_VARIABLE = YES;
				IPHONEOS_DEPLOYMENT_TARGET = 15.2;
				MTL_ENABLE_DEBUG_INFO = INCLUDE_SOURCE;
				MTL_FAST_MATH = YES;
				ONLY_ACTIVE_ARCH = YES;
				SDKROOT = iphoneos;
				SWIFT_ACTIVE_COMPILATION_CONDITIONS = DEBUG;
				SWIFT_OPTIMIZATION_LEVEL = "-Onone";
			};
			name = Debug;
		};
		5ED4D4C927FDDD2E00873CAA /* Release */ = {
			isa = XCBuildConfiguration;
			buildSettings = {
				ALWAYS_SEARCH_USER_PATHS = NO;
				CLANG_ANALYZER_NONNULL = YES;
				CLANG_ANALYZER_NUMBER_OBJECT_CONVERSION = YES_AGGRESSIVE;
				CLANG_CXX_LANGUAGE_STANDARD = "gnu++17";
				CLANG_CXX_LIBRARY = "libc++";
				CLANG_ENABLE_MODULES = YES;
				CLANG_ENABLE_OBJC_ARC = YES;
				CLANG_ENABLE_OBJC_WEAK = YES;
				CLANG_WARN_BLOCK_CAPTURE_AUTORELEASING = YES;
				CLANG_WARN_BOOL_CONVERSION = YES;
				CLANG_WARN_COMMA = YES;
				CLANG_WARN_CONSTANT_CONVERSION = YES;
				CLANG_WARN_DEPRECATED_OBJC_IMPLEMENTATIONS = YES;
				CLANG_WARN_DIRECT_OBJC_ISA_USAGE = YES_ERROR;
				CLANG_WARN_DOCUMENTATION_COMMENTS = YES;
				CLANG_WARN_EMPTY_BODY = YES;
				CLANG_WARN_ENUM_CONVERSION = YES;
				CLANG_WARN_INFINITE_RECURSION = YES;
				CLANG_WARN_INT_CONVERSION = YES;
				CLANG_WARN_NON_LITERAL_NULL_CONVERSION = YES;
				CLANG_WARN_OBJC_IMPLICIT_RETAIN_SELF = YES;
				CLANG_WARN_OBJC_LITERAL_CONVERSION = YES;
				CLANG_WARN_OBJC_ROOT_CLASS = YES_ERROR;
				CLANG_WARN_QUOTED_INCLUDE_IN_FRAMEWORK_HEADER = YES;
				CLANG_WARN_RANGE_LOOP_ANALYSIS = YES;
				CLANG_WARN_STRICT_PROTOTYPES = YES;
				CLANG_WARN_SUSPICIOUS_MOVE = YES;
				CLANG_WARN_UNGUARDED_AVAILABILITY = YES_AGGRESSIVE;
				CLANG_WARN_UNREACHABLE_CODE = YES;
				CLANG_WARN__DUPLICATE_METHOD_MATCH = YES;
				COPY_PHASE_STRIP = NO;
				DEBUG_INFORMATION_FORMAT = "dwarf-with-dsym";
				ENABLE_NS_ASSERTIONS = NO;
				ENABLE_STRICT_OBJC_MSGSEND = YES;
				GCC_C_LANGUAGE_STANDARD = gnu11;
				GCC_NO_COMMON_BLOCKS = YES;
				GCC_WARN_64_TO_32_BIT_CONVERSION = YES;
				GCC_WARN_ABOUT_RETURN_TYPE = YES_ERROR;
				GCC_WARN_UNDECLARED_SELECTOR = YES;
				GCC_WARN_UNINITIALIZED_AUTOS = YES_AGGRESSIVE;
				GCC_WARN_UNUSED_FUNCTION = YES;
				GCC_WARN_UNUSED_VARIABLE = YES;
				IPHONEOS_DEPLOYMENT_TARGET = 15.2;
				MTL_ENABLE_DEBUG_INFO = NO;
				MTL_FAST_MATH = YES;
				SDKROOT = iphoneos;
				SWIFT_COMPILATION_MODE = wholemodule;
				SWIFT_OPTIMIZATION_LEVEL = "-O";
				VALIDATE_PRODUCT = YES;
			};
			name = Release;
		};
		5ED4D4CB27FDDD2E00873CAA /* Debug */ = {
			isa = XCBuildConfiguration;
			buildSettings = {
				ASSETCATALOG_COMPILER_APPICON_NAME = AppIcon;
				ASSETCATALOG_COMPILER_GLOBAL_ACCENT_COLOR_NAME = AccentColor;
				CODE_SIGN_STYLE = Automatic;
				CURRENT_PROJECT_VERSION = 1;
				DEVELOPMENT_ASSET_PATHS = "\"Coursework/Preview Content\"";
				DEVELOPMENT_TEAM = CHVJJFPFSF;
				ENABLE_PREVIEWS = YES;
				GENERATE_INFOPLIST_FILE = YES;
				INFOPLIST_FILE = Coursework/Info.plist;
				INFOPLIST_KEY_UIApplicationSceneManifest_Generation = YES;
				INFOPLIST_KEY_UIApplicationSupportsIndirectInputEvents = YES;
				INFOPLIST_KEY_UILaunchScreen_Generation = YES;
				INFOPLIST_KEY_UISupportedInterfaceOrientations_iPad = "UIInterfaceOrientationPortrait UIInterfaceOrientationPortraitUpsideDown UIInterfaceOrientationLandscapeLeft UIInterfaceOrientationLandscapeRight";
				INFOPLIST_KEY_UISupportedInterfaceOrientations_iPhone = "UIInterfaceOrientationPortrait UIInterfaceOrientationLandscapeLeft UIInterfaceOrientationLandscapeRight";
				LD_RUNPATH_SEARCH_PATHS = (
					"$(inherited)",
					"@executable_path/Frameworks",
				);
				MARKETING_VERSION = 1.0;
				PRODUCT_BUNDLE_IDENTIFIER = hse.Coursework;
				PRODUCT_NAME = "$(TARGET_NAME)";
				SWIFT_EMIT_LOC_STRINGS = YES;
				SWIFT_VERSION = 5.0;
				TARGETED_DEVICE_FAMILY = "1,2";
			};
			name = Debug;
		};
		5ED4D4CC27FDDD2E00873CAA /* Release */ = {
			isa = XCBuildConfiguration;
			buildSettings = {
				ASSETCATALOG_COMPILER_APPICON_NAME = AppIcon;
				ASSETCATALOG_COMPILER_GLOBAL_ACCENT_COLOR_NAME = AccentColor;
				CODE_SIGN_STYLE = Automatic;
				CURRENT_PROJECT_VERSION = 1;
				DEVELOPMENT_ASSET_PATHS = "\"Coursework/Preview Content\"";
				DEVELOPMENT_TEAM = CHVJJFPFSF;
				ENABLE_PREVIEWS = YES;
				GENERATE_INFOPLIST_FILE = YES;
				INFOPLIST_FILE = Coursework/Info.plist;
				INFOPLIST_KEY_UIApplicationSceneManifest_Generation = YES;
				INFOPLIST_KEY_UIApplicationSupportsIndirectInputEvents = YES;
				INFOPLIST_KEY_UILaunchScreen_Generation = YES;
				INFOPLIST_KEY_UISupportedInterfaceOrientations_iPad = "UIInterfaceOrientationPortrait UIInterfaceOrientationPortraitUpsideDown UIInterfaceOrientationLandscapeLeft UIInterfaceOrientationLandscapeRight";
				INFOPLIST_KEY_UISupportedInterfaceOrientations_iPhone = "UIInterfaceOrientationPortrait UIInterfaceOrientationLandscapeLeft UIInterfaceOrientationLandscapeRight";
				LD_RUNPATH_SEARCH_PATHS = (
					"$(inherited)",
					"@executable_path/Frameworks",
				);
				MARKETING_VERSION = 1.0;
				PRODUCT_BUNDLE_IDENTIFIER = hse.Coursework;
				PRODUCT_NAME = "$(TARGET_NAME)";
				SWIFT_EMIT_LOC_STRINGS = YES;
				SWIFT_VERSION = 5.0;
				TARGETED_DEVICE_FAMILY = "1,2";
			};
			name = Release;
		};
/* End XCBuildConfiguration section */

/* Begin XCConfigurationList section */
		5ED4D4B727FDDD2B00873CAA /* Build configuration list for PBXProject "Coursework" */ = {
			isa = XCConfigurationList;
			buildConfigurations = (
				5ED4D4C827FDDD2E00873CAA /* Debug */,
				5ED4D4C927FDDD2E00873CAA /* Release */,
			);
			defaultConfigurationIsVisible = 0;
			defaultConfigurationName = Release;
		};
		5ED4D4CA27FDDD2E00873CAA /* Build configuration list for PBXNativeTarget "Coursework" */ = {
			isa = XCConfigurationList;
			buildConfigurations = (
				5ED4D4CB27FDDD2E00873CAA /* Debug */,
				5ED4D4CC27FDDD2E00873CAA /* Release */,
			);
			defaultConfigurationIsVisible = 0;
			defaultConfigurationName = Release;
		};
/* End XCConfigurationList section */
	};
	rootObject = 5ED4D4B427FDDD2B00873CAA /* Project object */;
}
