// !$*UTF8*$!
{
	archiveVersion = 1;
	classes = {
	};
	objectVersion = 55;
	objects = {

/* Begin PBXBuildFile section */
		5E59707C28196B6D00BF3240 /* Service.swift in Sources */ = {isa = PBXBuildFile; fileRef = 5E59707B28196B6D00BF3240 /* Service.swift */; };
		5E59707E28196F1800BF3240 /* ValidateUserModel.swift in Sources */ = {isa = PBXBuildFile; fileRef = 5E59707D28196F1800BF3240 /* ValidateUserModel.swift */; };
		5E5970802819723E00BF3240 /* ValidateUserError.swift in Sources */ = {isa = PBXBuildFile; fileRef = 5E59707F2819723E00BF3240 /* ValidateUserError.swift */; };
		5E5970822819772400BF3240 /* LogInBuilder.swift in Sources */ = {isa = PBXBuildFile; fileRef = 5E5970812819772400BF3240 /* LogInBuilder.swift */; };
		5E5970852819F72300BF3240 /* RegistrationUserError.swift in Sources */ = {isa = PBXBuildFile; fileRef = 5E5970842819F72300BF3240 /* RegistrationUserError.swift */; };
		5E5970AB281C8C0C00BF3240 /* EventsView.swift in Sources */ = {isa = PBXBuildFile; fileRef = 5E5970AA281C8C0C00BF3240 /* EventsView.swift */; };
		5E5970AD281C8EF600BF3240 /* SearchBar.swift in Sources */ = {isa = PBXBuildFile; fileRef = 5E5970AC281C8EF600BF3240 /* SearchBar.swift */; };
		5ED4D4C227FDDD2B00873CAA /* ContentView.swift in Sources */ = {isa = PBXBuildFile; fileRef = 5ED4D4C127FDDD2B00873CAA /* ContentView.swift */; };
		5ED4D4C427FDDD2E00873CAA /* Assets.xcassets in Resources */ = {isa = PBXBuildFile; fileRef = 5ED4D4C327FDDD2E00873CAA /* Assets.xcassets */; };
		5ED4D4C727FDDD2E00873CAA /* Preview Assets.xcassets in Resources */ = {isa = PBXBuildFile; fileRef = 5ED4D4C627FDDD2E00873CAA /* Preview Assets.xcassets */; };
		5EE034DD281EE7B400754267 /* CustomButton.swift in Sources */ = {isa = PBXBuildFile; fileRef = 5EE034DC281EE7B400754267 /* CustomButton.swift */; };
		5EF3BDF928102CA300525E74 /* CourseApp.swift in Sources */ = {isa = PBXBuildFile; fileRef = 5EF3BDF528102CA300525E74 /* CourseApp.swift */; };
		5EF3BDFA28102CA300525E74 /* TabBar.swift in Sources */ = {isa = PBXBuildFile; fileRef = 5EF3BDF628102CA300525E74 /* TabBar.swift */; };
		5EF3BDFB28102CA300525E74 /* ActialPerson.swift in Sources */ = {isa = PBXBuildFile; fileRef = 5EF3BDF728102CA300525E74 /* ActialPerson.swift */; };
		5EF3BDFC28102CA300525E74 /* ColorPalette.swift in Sources */ = {isa = PBXBuildFile; fileRef = 5EF3BDF828102CA300525E74 /* ColorPalette.swift */; };
		5EF3BE0928102CB000525E74 /* LogInViewModel.swift in Sources */ = {isa = PBXBuildFile; fileRef = 5EF3BDFF28102CB000525E74 /* LogInViewModel.swift */; };
		5EF3BE0A28102CB000525E74 /* RegistrationView.swift in Sources */ = {isa = PBXBuildFile; fileRef = 5EF3BE0228102CB000525E74 /* RegistrationView.swift */; };
		5EF3BE0B28102CB000525E74 /* ClassicButton.swift in Sources */ = {isa = PBXBuildFile; fileRef = 5EF3BE0328102CB000525E74 /* ClassicButton.swift */; };
		5EF3BE0C28102CB000525E74 /* SecretTextField.swift in Sources */ = {isa = PBXBuildFile; fileRef = 5EF3BE0428102CB000525E74 /* SecretTextField.swift */; };
		5EF3BE0D28102CB000525E74 /* PasswordView.swift in Sources */ = {isa = PBXBuildFile; fileRef = 5EF3BE0528102CB000525E74 /* PasswordView.swift */; };
		5EF3BE0E28102CB000525E74 /* MailConfirmationView.swift in Sources */ = {isa = PBXBuildFile; fileRef = 5EF3BE0628102CB000525E74 /* MailConfirmationView.swift */; };
		5EF3BE0F28102CB000525E74 /* MainView.swift in Sources */ = {isa = PBXBuildFile; fileRef = 5EF3BE0728102CB000525E74 /* MainView.swift */; };
		5EF3BE1028102CB000525E74 /* ClassicTextField.swift in Sources */ = {isa = PBXBuildFile; fileRef = 5EF3BE0828102CB000525E74 /* ClassicTextField.swift */; };
		5EF3BE1228102D5100525E74 /* UserInfo.swift in Sources */ = {isa = PBXBuildFile; fileRef = 5EF3BE1128102D5100525E74 /* UserInfo.swift */; };
/* End PBXBuildFile section */

/* Begin PBXFileReference section */
		5E59707B28196B6D00BF3240 /* Service.swift */ = {isa = PBXFileReference; lastKnownFileType = sourcecode.swift; path = Service.swift; sourceTree = "<group>"; };
		5E59707D28196F1800BF3240 /* ValidateUserModel.swift */ = {isa = PBXFileReference; lastKnownFileType = sourcecode.swift; path = ValidateUserModel.swift; sourceTree = "<group>"; };
		5E59707F2819723E00BF3240 /* ValidateUserError.swift */ = {isa = PBXFileReference; lastKnownFileType = sourcecode.swift; path = ValidateUserError.swift; sourceTree = "<group>"; };
		5E5970812819772400BF3240 /* LogInBuilder.swift */ = {isa = PBXFileReference; lastKnownFileType = sourcecode.swift; path = LogInBuilder.swift; sourceTree = "<group>"; };
		5E5970842819F72300BF3240 /* RegistrationUserError.swift */ = {isa = PBXFileReference; lastKnownFileType = sourcecode.swift; path = RegistrationUserError.swift; sourceTree = "<group>"; };
		5E5970AA281C8C0C00BF3240 /* EventsView.swift */ = {isa = PBXFileReference; lastKnownFileType = sourcecode.swift; path = EventsView.swift; sourceTree = "<group>"; };
		5E5970AC281C8EF600BF3240 /* SearchBar.swift */ = {isa = PBXFileReference; lastKnownFileType = sourcecode.swift; path = SearchBar.swift; sourceTree = "<group>"; };
		5ED4D4BC27FDDD2B00873CAA /* Coursework.app */ = {isa = PBXFileReference; explicitFileType = wrapper.application; includeInIndex = 0; path = Coursework.app; sourceTree = BUILT_PRODUCTS_DIR; };
		5ED4D4C127FDDD2B00873CAA /* ContentView.swift */ = {isa = PBXFileReference; lastKnownFileType = sourcecode.swift; path = ContentView.swift; sourceTree = "<group>"; };
		5ED4D4C327FDDD2E00873CAA /* Assets.xcassets */ = {isa = PBXFileReference; lastKnownFileType = folder.assetcatalog; path = Assets.xcassets; sourceTree = "<group>"; };
		5ED4D4C627FDDD2E00873CAA /* Preview Assets.xcassets */ = {isa = PBXFileReference; lastKnownFileType = folder.assetcatalog; path = "Preview Assets.xcassets"; sourceTree = "<group>"; };
		5EE034DC281EE7B400754267 /* CustomButton.swift */ = {isa = PBXFileReference; lastKnownFileType = sourcecode.swift; path = CustomButton.swift; sourceTree = "<group>"; };
		5EF3BDF528102CA300525E74 /* CourseApp.swift */ = {isa = PBXFileReference; fileEncoding = 4; lastKnownFileType = sourcecode.swift; path = CourseApp.swift; sourceTree = "<group>"; };
		5EF3BDF628102CA300525E74 /* TabBar.swift */ = {isa = PBXFileReference; fileEncoding = 4; lastKnownFileType = sourcecode.swift; path = TabBar.swift; sourceTree = "<group>"; };
		5EF3BDF728102CA300525E74 /* ActialPerson.swift */ = {isa = PBXFileReference; fileEncoding = 4; lastKnownFileType = sourcecode.swift; path = ActialPerson.swift; sourceTree = "<group>"; };
		5EF3BDF828102CA300525E74 /* ColorPalette.swift */ = {isa = PBXFileReference; fileEncoding = 4; lastKnownFileType = sourcecode.swift; path = ColorPalette.swift; sourceTree = "<group>"; };
		5EF3BDFF28102CB000525E74 /* LogInViewModel.swift */ = {isa = PBXFileReference; fileEncoding = 4; lastKnownFileType = sourcecode.swift; path = LogInViewModel.swift; sourceTree = "<group>"; };
		5EF3BE0228102CB000525E74 /* RegistrationView.swift */ = {isa = PBXFileReference; fileEncoding = 4; lastKnownFileType = sourcecode.swift; path = RegistrationView.swift; sourceTree = "<group>"; };
		5EF3BE0328102CB000525E74 /* ClassicButton.swift */ = {isa = PBXFileReference; fileEncoding = 4; lastKnownFileType = sourcecode.swift; path = ClassicButton.swift; sourceTree = "<group>"; };
		5EF3BE0428102CB000525E74 /* SecretTextField.swift */ = {isa = PBXFileReference; fileEncoding = 4; lastKnownFileType = sourcecode.swift; path = SecretTextField.swift; sourceTree = "<group>"; };
		5EF3BE0528102CB000525E74 /* PasswordView.swift */ = {isa = PBXFileReference; fileEncoding = 4; lastKnownFileType = sourcecode.swift; path = PasswordView.swift; sourceTree = "<group>"; };
		5EF3BE0628102CB000525E74 /* MailConfirmationView.swift */ = {isa = PBXFileReference; fileEncoding = 4; lastKnownFileType = sourcecode.swift; path = MailConfirmationView.swift; sourceTree = "<group>"; };
		5EF3BE0728102CB000525E74 /* MainView.swift */ = {isa = PBXFileReference; fileEncoding = 4; lastKnownFileType = sourcecode.swift; path = MainView.swift; sourceTree = "<group>"; };
		5EF3BE0828102CB000525E74 /* ClassicTextField.swift */ = {isa = PBXFileReference; fileEncoding = 4; lastKnownFileType = sourcecode.swift; path = ClassicTextField.swift; sourceTree = "<group>"; };
		5EF3BE1128102D5100525E74 /* UserInfo.swift */ = {isa = PBXFileReference; lastKnownFileType = sourcecode.swift; path = UserInfo.swift; sourceTree = "<group>"; };
/* End PBXFileReference section */

/* Begin PBXFrameworksBuildPhase section */
		5ED4D4B927FDDD2B00873CAA /* Frameworks */ = {
			isa = PBXFrameworksBuildPhase;
			buildActionMask = 2147483647;
			files = (
			);
			runOnlyForDeploymentPostprocessing = 0;
		};
/* End PBXFrameworksBuildPhase section */

/* Begin PBXGroup section */
		5E59707A28196B3600BF3240 /* API Service */ = {
			isa = PBXGroup;
			children = (
				5E5970832819F6AD00BF3240 /* Models */,
				5E59707B28196B6D00BF3240 /* Service.swift */,
			);
			path = "API Service";
			sourceTree = "<group>";
		};
		5E5970832819F6AD00BF3240 /* Models */ = {
			isa = PBXGroup;
			children = (
				5E59707D28196F1800BF3240 /* ValidateUserModel.swift */,
				5E59707F2819723E00BF3240 /* ValidateUserError.swift */,
				5E5970842819F72300BF3240 /* RegistrationUserError.swift */,
			);
			path = Models;
			sourceTree = "<group>";
		};
		5E5970A6281C88C900BF3240 /* Events Page */ = {
			isa = PBXGroup;
			children = (
				5E5970A9281C897900BF3240 /* Model */,
				5E5970A8281C896900BF3240 /* View Controller */,
				5E5970A7281C896000BF3240 /* View Model */,
			);
			path = "Events Page";
			sourceTree = "<group>";
		};
		5E5970A7281C896000BF3240 /* View Model */ = {
			isa = PBXGroup;
			children = (
			);
			path = "View Model";
			sourceTree = "<group>";
		};
		5E5970A8281C896900BF3240 /* View Controller */ = {
			isa = PBXGroup;
			children = (
				5E5970AA281C8C0C00BF3240 /* EventsView.swift */,
				5EE034DC281EE7B400754267 /* CustomButton.swift */,
			);
			path = "View Controller";
			sourceTree = "<group>";
		};
		5E5970A9281C897900BF3240 /* Model */ = {
			isa = PBXGroup;
			children = (
			);
			path = Model;
			sourceTree = "<group>";
		};
		5ED4D4B327FDDD2B00873CAA = {
			isa = PBXGroup;
			children = (
				5E5970A6281C88C900BF3240 /* Events Page */,
				5E59707A28196B3600BF3240 /* API Service */,
				5EF3BDFD28102CB000525E74 /* Log in */,
				5EF3BDF428102CA300525E74 /* Common */,
				5ED4D4BE27FDDD2B00873CAA /* Coursework */,
				5ED4D4BD27FDDD2B00873CAA /* Products */,
			);
			sourceTree = "<group>";
		};
		5ED4D4BD27FDDD2B00873CAA /* Products */ = {
			isa = PBXGroup;
			children = (
				5ED4D4BC27FDDD2B00873CAA /* Coursework.app */,
			);
			name = Products;
			sourceTree = "<group>";
		};
		5ED4D4BE27FDDD2B00873CAA /* Coursework */ = {
			isa = PBXGroup;
			children = (
				5ED4D4C127FDDD2B00873CAA /* ContentView.swift */,
				5ED4D4C327FDDD2E00873CAA /* Assets.xcassets */,
				5ED4D4C527FDDD2E00873CAA /* Preview Content */,
			);
			path = Coursework;
			sourceTree = "<group>";
		};
		5ED4D4C527FDDD2E00873CAA /* Preview Content */ = {
			isa = PBXGroup;
			children = (
				5ED4D4C627FDDD2E00873CAA /* Preview Assets.xcassets */,
			);
			path = "Preview Content";
			sourceTree = "<group>";
		};
		5EF3BDF428102CA300525E74 /* Common */ = {
			isa = PBXGroup;
			children = (
				5EF3BDF528102CA300525E74 /* CourseApp.swift */,
				5EF3BDF628102CA300525E74 /* TabBar.swift */,
				5EF3BDF728102CA300525E74 /* ActialPerson.swift */,
				5EF3BDF828102CA300525E74 /* ColorPalette.swift */,
				5E5970AC281C8EF600BF3240 /* SearchBar.swift */,
			);
			name = Common;
			path = Coursework/Common;
			sourceTree = "<group>";
		};
		5EF3BDFD28102CB000525E74 /* Log in */ = {
			isa = PBXGroup;
			children = (
				5EF3BDFE28102CB000525E74 /* View Models */,
				5EF3BE0028102CB000525E74 /* Model */,
				5EF3BE0128102CB000525E74 /* View Controller */,
				5E5970812819772400BF3240 /* LogInBuilder.swift */,
			);
			name = "Log in";
			path = "Coursework/Log in";
			sourceTree = "<group>";
		};
		5EF3BDFE28102CB000525E74 /* View Models */ = {
			isa = PBXGroup;
			children = (
				5EF3BDFF28102CB000525E74 /* LogInViewModel.swift */,
			);
			path = "View Models";
			sourceTree = "<group>";
		};
		5EF3BE0028102CB000525E74 /* Model */ = {
			isa = PBXGroup;
			children = (
				5EF3BE1128102D5100525E74 /* UserInfo.swift */,
			);
			path = Model;
			sourceTree = "<group>";
		};
		5EF3BE0128102CB000525E74 /* View Controller */ = {
			isa = PBXGroup;
			children = (
				5EF3BE0228102CB000525E74 /* RegistrationView.swift */,
				5EF3BE0328102CB000525E74 /* ClassicButton.swift */,
				5EF3BE0428102CB000525E74 /* SecretTextField.swift */,
				5EF3BE0528102CB000525E74 /* PasswordView.swift */,
				5EF3BE0628102CB000525E74 /* MailConfirmationView.swift */,
				5EF3BE0728102CB000525E74 /* MainView.swift */,
				5EF3BE0828102CB000525E74 /* ClassicTextField.swift */,
			);
			path = "View Controller";
			sourceTree = "<group>";
		};
/* End PBXGroup section */

/* Begin PBXNativeTarget section */
		5ED4D4BB27FDDD2B00873CAA /* Coursework */ = {
			isa = PBXNativeTarget;
			buildConfigurationList = 5ED4D4CA27FDDD2E00873CAA /* Build configuration list for PBXNativeTarget "Coursework" */;
			buildPhases = (
				5ED4D4B827FDDD2B00873CAA /* Sources */,
				5ED4D4B927FDDD2B00873CAA /* Frameworks */,
				5ED4D4BA27FDDD2B00873CAA /* Resources */,
			);
			buildRules = (
			);
			dependencies = (
			);
			name = Coursework;
			productName = Coursework;
			productReference = 5ED4D4BC27FDDD2B00873CAA /* Coursework.app */;
			productType = "com.apple.product-type.application";
		};
/* End PBXNativeTarget section */

/* Begin PBXProject section */
		5ED4D4B427FDDD2B00873CAA /* Project object */ = {
			isa = PBXProject;
			attributes = {
				BuildIndependentTargetsInParallel = 1;
				LastSwiftUpdateCheck = 1320;
				LastUpgradeCheck = 1320;
				TargetAttributes = {
					5ED4D4BB27FDDD2B00873CAA = {
						CreatedOnToolsVersion = 13.2.1;
					};
				};
			};
			buildConfigurationList = 5ED4D4B727FDDD2B00873CAA /* Build configuration list for PBXProject "Coursework" */;
			compatibilityVersion = "Xcode 13.0";
			developmentRegion = en;
			hasScannedForEncodings = 0;
			knownRegions = (
				en,
				Base,
			);
			mainGroup = 5ED4D4B327FDDD2B00873CAA;
			productRefGroup = 5ED4D4BD27FDDD2B00873CAA /* Products */;
			projectDirPath = "";
			projectRoot = "";
			targets = (
				5ED4D4BB27FDDD2B00873CAA /* Coursework */,
			);
		};
/* End PBXProject section */

/* Begin PBXResourcesBuildPhase section */
		5ED4D4BA27FDDD2B00873CAA /* Resources */ = {
			isa = PBXResourcesBuildPhase;
			buildActionMask = 2147483647;
			files = (
				5ED4D4C727FDDD2E00873CAA /* Preview Assets.xcassets in Resources */,
				5ED4D4C427FDDD2E00873CAA /* Assets.xcassets in Resources */,
			);
			runOnlyForDeploymentPostprocessing = 0;
		};
/* End PBXResourcesBuildPhase section */

/* Begin PBXSourcesBuildPhase section */
		5ED4D4B827FDDD2B00873CAA /* Sources */ = {
			isa = PBXSourcesBuildPhase;
			buildActionMask = 2147483647;
			files = (
				5EF3BE0E28102CB000525E74 /* MailConfirmationView.swift in Sources */,
				5EF3BE1028102CB000525E74 /* ClassicTextField.swift in Sources */,
				5E59707C28196B6D00BF3240 /* Service.swift in Sources */,
				5EF3BE0F28102CB000525E74 /* MainView.swift in Sources */,
				5EF3BDFC28102CA300525E74 /* ColorPalette.swift in Sources */,
				5EF3BDFA28102CA300525E74 /* TabBar.swift in Sources */,
				5EF3BE0C28102CB000525E74 /* SecretTextField.swift in Sources */,
				5EF3BDF928102CA300525E74 /* CourseApp.swift in Sources */,
				5EF3BE0A28102CB000525E74 /* RegistrationView.swift in Sources */,
				5E5970AB281C8C0C00BF3240 /* EventsView.swift in Sources */,
				5EF3BE0D28102CB000525E74 /* PasswordView.swift in Sources */,
				5EF3BE0B28102CB000525E74 /* ClassicButton.swift in Sources */,
				5EF3BDFB28102CA300525E74 /* ActialPerson.swift in Sources */,
				5E59707E28196F1800BF3240 /* ValidateUserModel.swift in Sources */,
				5E5970AD281C8EF600BF3240 /* SearchBar.swift in Sources */,
				5E5970822819772400BF3240 /* LogInBuilder.swift in Sources */,
				5EF3BE0928102CB000525E74 /* LogInViewModel.swift in Sources */,
				5EF3BE1228102D5100525E74 /* UserInfo.swift in Sources */,
				5EE034DD281EE7B400754267 /* CustomButton.swift in Sources */,
				5E5970802819723E00BF3240 /* ValidateUserError.swift in Sources */,
				5ED4D4C227FDDD2B00873CAA /* ContentView.swift in Sources */,
				5E5970852819F72300BF3240 /* RegistrationUserError.swift in Sources */,
			);
			runOnlyForDeploymentPostprocessing = 0;
		};
/* End PBXSourcesBuildPhase section */

/* Begin XCBuildConfiguration section */
		5ED4D4C827FDDD2E00873CAA /* Debug */ = {
			isa = XCBuildConfiguration;
			buildSettings = {
				ALWAYS_SEARCH_USER_PATHS = NO;
				CLANG_ANALYZER_NONNULL = YES;
				CLANG_ANALYZER_NUMBER_OBJECT_CONVERSION = YES_AGGRESSIVE;
				CLANG_CXX_LANGUAGE_STANDARD = "gnu++17";
				CLANG_CXX_LIBRARY = "libc++";
				CLANG_ENABLE_MODULES = YES;
				CLANG_ENABLE_OBJC_ARC = YES;
				CLANG_ENABLE_OBJC_WEAK = YES;
				CLANG_WARN_BLOCK_CAPTURE_AUTORELEASING = YES;
				CLANG_WARN_BOOL_CONVERSION = YES;
				CLANG_WARN_COMMA = YES;
				CLANG_WARN_CONSTANT_CONVERSION = YES;
				CLANG_WARN_DEPRECATED_OBJC_IMPLEMENTATIONS = YES;
				CLANG_WARN_DIRECT_OBJC_ISA_USAGE = YES_ERROR;
				CLANG_WARN_DOCUMENTATION_COMMENTS = YES;
				CLANG_WARN_EMPTY_BODY = YES;
				CLANG_WARN_ENUM_CONVERSION = YES;
				CLANG_WARN_INFINITE_RECURSION = YES;
				CLANG_WARN_INT_CONVERSION = YES;
				CLANG_WARN_NON_LITERAL_NULL_CONVERSION = YES;
				CLANG_WARN_OBJC_IMPLICIT_RETAIN_SELF = YES;
				CLANG_WARN_OBJC_LITERAL_CONVERSION = YES;
				CLANG_WARN_OBJC_ROOT_CLASS = YES_ERROR;
				CLANG_WARN_QUOTED_INCLUDE_IN_FRAMEWORK_HEADER = YES;
				CLANG_WARN_RANGE_LOOP_ANALYSIS = YES;
				CLANG_WARN_STRICT_PROTOTYPES = YES;
				CLANG_WARN_SUSPICIOUS_MOVE = YES;
				CLANG_WARN_UNGUARDED_AVAILABILITY = YES_AGGRESSIVE;
				CLANG_WARN_UNREACHABLE_CODE = YES;
				CLANG_WARN__DUPLICATE_METHOD_MATCH = YES;
				COPY_PHASE_STRIP = NO;
				DEBUG_INFORMATION_FORMAT = dwarf;
				ENABLE_STRICT_OBJC_MSGSEND = YES;
				ENABLE_TESTABILITY = YES;
				GCC_C_LANGUAGE_STANDARD = gnu11;
				GCC_DYNAMIC_NO_PIC = NO;
				GCC_NO_COMMON_BLOCKS = YES;
				GCC_OPTIMIZATION_LEVEL = 0;
				GCC_PREPROCESSOR_DEFINITIONS = (
					"DEBUG=1",
					"$(inherited)",
				);
				GCC_WARN_64_TO_32_BIT_CONVERSION = YES;
				GCC_WARN_ABOUT_RETURN_TYPE = YES_ERROR;
				GCC_WARN_UNDECLARED_SELECTOR = YES;
				GCC_WARN_UNINITIALIZED_AUTOS = YES_AGGRESSIVE;
				GCC_WARN_UNUSED_FUNCTION = YES;
				GCC_WARN_UNUSED_VARIABLE = YES;
				IPHONEOS_DEPLOYMENT_TARGET = 15.2;
				MTL_ENABLE_DEBUG_INFO = INCLUDE_SOURCE;
				MTL_FAST_MATH = YES;
				ONLY_ACTIVE_ARCH = YES;
				SDKROOT = iphoneos;
				SWIFT_ACTIVE_COMPILATION_CONDITIONS = DEBUG;
				SWIFT_OPTIMIZATION_LEVEL = "-Onone";
			};
			name = Debug;
		};
		5ED4D4C927FDDD2E00873CAA /* Release */ = {
			isa = XCBuildConfiguration;
			buildSettings = {
				ALWAYS_SEARCH_USER_PATHS = NO;
				CLANG_ANALYZER_NONNULL = YES;
				CLANG_ANALYZER_NUMBER_OBJECT_CONVERSION = YES_AGGRESSIVE;
				CLANG_CXX_LANGUAGE_STANDARD = "gnu++17";
				CLANG_CXX_LIBRARY = "libc++";
				CLANG_ENABLE_MODULES = YES;
				CLANG_ENABLE_OBJC_ARC = YES;
				CLANG_ENABLE_OBJC_WEAK = YES;
				CLANG_WARN_BLOCK_CAPTURE_AUTORELEASING = YES;
				CLANG_WARN_BOOL_CONVERSION = YES;
				CLANG_WARN_COMMA = YES;
				CLANG_WARN_CONSTANT_CONVERSION = YES;
				CLANG_WARN_DEPRECATED_OBJC_IMPLEMENTATIONS = YES;
				CLANG_WARN_DIRECT_OBJC_ISA_USAGE = YES_ERROR;
				CLANG_WARN_DOCUMENTATION_COMMENTS = YES;
				CLANG_WARN_EMPTY_BODY = YES;
				CLANG_WARN_ENUM_CONVERSION = YES;
				CLANG_WARN_INFINITE_RECURSION = YES;
				CLANG_WARN_INT_CONVERSION = YES;
				CLANG_WARN_NON_LITERAL_NULL_CONVERSION = YES;
				CLANG_WARN_OBJC_IMPLICIT_RETAIN_SELF = YES;
				CLANG_WARN_OBJC_LITERAL_CONVERSION = YES;
				CLANG_WARN_OBJC_ROOT_CLASS = YES_ERROR;
				CLANG_WARN_QUOTED_INCLUDE_IN_FRAMEWORK_HEADER = YES;
				CLANG_WARN_RANGE_LOOP_ANALYSIS = YES;
				CLANG_WARN_STRICT_PROTOTYPES = YES;
				CLANG_WARN_SUSPICIOUS_MOVE = YES;
				CLANG_WARN_UNGUARDED_AVAILABILITY = YES_AGGRESSIVE;
				CLANG_WARN_UNREACHABLE_CODE = YES;
				CLANG_WARN__DUPLICATE_METHOD_MATCH = YES;
				COPY_PHASE_STRIP = NO;
				DEBUG_INFORMATION_FORMAT = "dwarf-with-dsym";
				ENABLE_NS_ASSERTIONS = NO;
				ENABLE_STRICT_OBJC_MSGSEND = YES;
				GCC_C_LANGUAGE_STANDARD = gnu11;
				GCC_NO_COMMON_BLOCKS = YES;
				GCC_WARN_64_TO_32_BIT_CONVERSION = YES;
				GCC_WARN_ABOUT_RETURN_TYPE = YES_ERROR;
				GCC_WARN_UNDECLARED_SELECTOR = YES;
				GCC_WARN_UNINITIALIZED_AUTOS = YES_AGGRESSIVE;
				GCC_WARN_UNUSED_FUNCTION = YES;
				GCC_WARN_UNUSED_VARIABLE = YES;
				IPHONEOS_DEPLOYMENT_TARGET = 15.2;
				MTL_ENABLE_DEBUG_INFO = NO;
				MTL_FAST_MATH = YES;
				SDKROOT = iphoneos;
				SWIFT_COMPILATION_MODE = wholemodule;
				SWIFT_OPTIMIZATION_LEVEL = "-O";
				VALIDATE_PRODUCT = YES;
			};
			name = Release;
		};
		5ED4D4CB27FDDD2E00873CAA /* Debug */ = {
			isa = XCBuildConfiguration;
			buildSettings = {
				ASSETCATALOG_COMPILER_APPICON_NAME = AppIcon;
				ASSETCATALOG_COMPILER_GLOBAL_ACCENT_COLOR_NAME = AccentColor;
				CODE_SIGN_STYLE = Automatic;
				CURRENT_PROJECT_VERSION = 1;
				DEVELOPMENT_ASSET_PATHS = "\"Coursework/Preview Content\"";
				DEVELOPMENT_TEAM = CHVJJFPFSF;
				ENABLE_PREVIEWS = YES;
				GENERATE_INFOPLIST_FILE = YES;
				INFOPLIST_FILE = Coursework/Info.plist;
				INFOPLIST_KEY_UIApplicationSceneManifest_Generation = YES;
				INFOPLIST_KEY_UIApplicationSupportsIndirectInputEvents = YES;
				INFOPLIST_KEY_UILaunchScreen_Generation = YES;
				INFOPLIST_KEY_UISupportedInterfaceOrientations_iPad = "UIInterfaceOrientationPortrait UIInterfaceOrientationPortraitUpsideDown UIInterfaceOrientationLandscapeLeft UIInterfaceOrientationLandscapeRight";
				INFOPLIST_KEY_UISupportedInterfaceOrientations_iPhone = "UIInterfaceOrientationPortrait UIInterfaceOrientationLandscapeLeft UIInterfaceOrientationLandscapeRight";
				LD_RUNPATH_SEARCH_PATHS = (
					"$(inherited)",
					"@executable_path/Frameworks",
				);
				MARKETING_VERSION = 1.0;
				PRODUCT_BUNDLE_IDENTIFIER = hse.Coursework;
				PRODUCT_NAME = "$(TARGET_NAME)";
				SWIFT_EMIT_LOC_STRINGS = YES;
				SWIFT_VERSION = 5.0;
				TARGETED_DEVICE_FAMILY = "1,2";
			};
			name = Debug;
		};
		5ED4D4CC27FDDD2E00873CAA /* Release */ = {
			isa = XCBuildConfiguration;
			buildSettings = {
				ASSETCATALOG_COMPILER_APPICON_NAME = AppIcon;
				ASSETCATALOG_COMPILER_GLOBAL_ACCENT_COLOR_NAME = AccentColor;
				CODE_SIGN_STYLE = Automatic;
				CURRENT_PROJECT_VERSION = 1;
				DEVELOPMENT_ASSET_PATHS = "\"Coursework/Preview Content\"";
				DEVELOPMENT_TEAM = CHVJJFPFSF;
				ENABLE_PREVIEWS = YES;
				GENERATE_INFOPLIST_FILE = YES;
				INFOPLIST_FILE = Coursework/Info.plist;
				INFOPLIST_KEY_UIApplicationSceneManifest_Generation = YES;
				INFOPLIST_KEY_UIApplicationSupportsIndirectInputEvents = YES;
				INFOPLIST_KEY_UILaunchScreen_Generation = YES;
				INFOPLIST_KEY_UISupportedInterfaceOrientations_iPad = "UIInterfaceOrientationPortrait UIInterfaceOrientationPortraitUpsideDown UIInterfaceOrientationLandscapeLeft UIInterfaceOrientationLandscapeRight";
				INFOPLIST_KEY_UISupportedInterfaceOrientations_iPhone = "UIInterfaceOrientationPortrait UIInterfaceOrientationLandscapeLeft UIInterfaceOrientationLandscapeRight";
				LD_RUNPATH_SEARCH_PATHS = (
					"$(inherited)",
					"@executable_path/Frameworks",
				);
				MARKETING_VERSION = 1.0;
				PRODUCT_BUNDLE_IDENTIFIER = hse.Coursework;
				PRODUCT_NAME = "$(TARGET_NAME)";
				SWIFT_EMIT_LOC_STRINGS = YES;
				SWIFT_VERSION = 5.0;
				TARGETED_DEVICE_FAMILY = "1,2";
			};
			name = Release;
		};
/* End XCBuildConfiguration section */

/* Begin XCConfigurationList section */
		5ED4D4B727FDDD2B00873CAA /* Build configuration list for PBXProject "Coursework" */ = {
			isa = XCConfigurationList;
			buildConfigurations = (
				5ED4D4C827FDDD2E00873CAA /* Debug */,
				5ED4D4C927FDDD2E00873CAA /* Release */,
			);
			defaultConfigurationIsVisible = 0;
			defaultConfigurationName = Release;
		};
		5ED4D4CA27FDDD2E00873CAA /* Build configuration list for PBXNativeTarget "Coursework" */ = {
			isa = XCConfigurationList;
			buildConfigurations = (
				5ED4D4CB27FDDD2E00873CAA /* Debug */,
				5ED4D4CC27FDDD2E00873CAA /* Release */,
			);
			defaultConfigurationIsVisible = 0;
			defaultConfigurationName = Release;
		};
/* End XCConfigurationList section */
	};
	rootObject = 5ED4D4B427FDDD2B00873CAA /* Project object */;
}
